github.com/najibulloShapoatov/bank v0.0.0-20200923164850-50e106636c84 h1:LqbkBbCX3c7Arz+jgUc+gNIpCyv2vdVgFCBbaCfvZUM=
github.com/najibulloShapoatov/bank v0.0.0-20200923164850-50e106636c84/go.mod h1:swHCYx4aoNg/QQlpHILTL5YEp27L5ozVpnhPWUw4IzA=
github.com/najibulloShapoatov/bank v1.0.0 h1:Jfz+BfdIU7u67I5lIRILRU9/hz8ooFsKTBiKfJ/o6PQ=
